// !$*UTF8*$!
{
	archiveVersion = 1;
	classes = {
	};
	objectVersion = 50;
	objects = {

/* Begin PBXBuildFile section */
		55FFA093237F9B8700681EC9 /* AppDelegate.swift in Sources */ = {isa = PBXBuildFile; fileRef = 55FFA092237F9B8700681EC9 /* AppDelegate.swift */; };
		55FFA095237F9B8700681EC9 /* SceneDelegate.swift in Sources */ = {isa = PBXBuildFile; fileRef = 55FFA094237F9B8700681EC9 /* SceneDelegate.swift */; };
		55FFA097237F9B8700681EC9 /* ContentView.swift in Sources */ = {isa = PBXBuildFile; fileRef = 55FFA096237F9B8700681EC9 /* ContentView.swift */; };
		55FFA099237F9B8900681EC9 /* Assets.xcassets in Resources */ = {isa = PBXBuildFile; fileRef = 55FFA098237F9B8900681EC9 /* Assets.xcassets */; };
		55FFA09C237F9B8900681EC9 /* Preview Assets.xcassets in Resources */ = {isa = PBXBuildFile; fileRef = 55FFA09B237F9B8900681EC9 /* Preview Assets.xcassets */; };
		55FFA09F237F9B8900681EC9 /* LaunchScreen.storyboard in Resources */ = {isa = PBXBuildFile; fileRef = 55FFA09D237F9B8900681EC9 /* LaunchScreen.storyboard */; };
		55FFA0A7238061D400681EC9 /* TimeCounter.swift in Sources */ = {isa = PBXBuildFile; fileRef = 55FFA0A6238061D400681EC9 /* TimeCounter.swift */; };
		55FFA0AB238068CC00681EC9 /* RGBColor.swift in Sources */ = {isa = PBXBuildFile; fileRef = 55FFA0AA238068CC00681EC9 /* RGBColor.swift */; };
/* End PBXBuildFile section */

/* Begin PBXFileReference section */
		55FFA08F237F9B8700681EC9 /* SwiftUIExampleOne.app */ = {isa = PBXFileReference; explicitFileType = wrapper.application; includeInIndex = 0; path = SwiftUIExampleOne.app; sourceTree = BUILT_PRODUCTS_DIR; };
		55FFA092237F9B8700681EC9 /* AppDelegate.swift */ = {isa = PBXFileReference; lastKnownFileType = sourcecode.swift; path = AppDelegate.swift; sourceTree = "<group>"; };
		55FFA094237F9B8700681EC9 /* SceneDelegate.swift */ = {isa = PBXFileReference; lastKnownFileType = sourcecode.swift; path = SceneDelegate.swift; sourceTree = "<group>"; };
		55FFA096237F9B8700681EC9 /* ContentView.swift */ = {isa = PBXFileReference; lastKnownFileType = sourcecode.swift; path = ContentView.swift; sourceTree = "<group>"; };
		55FFA098237F9B8900681EC9 /* Assets.xcassets */ = {isa = PBXFileReference; lastKnownFileType = folder.assetcatalog; path = Assets.xcassets; sourceTree = "<group>"; };
		55FFA09B237F9B8900681EC9 /* Preview Assets.xcassets */ = {isa = PBXFileReference; lastKnownFileType = folder.assetcatalog; path = "Preview Assets.xcassets"; sourceTree = "<group>"; };
		55FFA09E237F9B8900681EC9 /* Base */ = {isa = PBXFileReference; lastKnownFileType = file.storyboard; name = Base; path = Base.lproj/LaunchScreen.storyboard; sourceTree = "<group>"; };
		55FFA0A0237F9B8900681EC9 /* Info.plist */ = {isa = PBXFileReference; lastKnownFileType = text.plist.xml; path = Info.plist; sourceTree = "<group>"; };
		55FFA0A6238061D400681EC9 /* TimeCounter.swift */ = {isa = PBXFileReference; lastKnownFileType = sourcecode.swift; path = TimeCounter.swift; sourceTree = "<group>"; };
		55FFA0AA238068CC00681EC9 /* RGBColor.swift */ = {isa = PBXFileReference; lastKnownFileType = sourcecode.swift; path = RGBColor.swift; sourceTree = "<group>"; };
/* End PBXFileReference section */

/* Begin PBXFrameworksBuildPhase section */
		55FFA08C237F9B8700681EC9 /* Frameworks */ = {
			isa = PBXFrameworksBuildPhase;
			buildActionMask = 2147483647;
			files = (
			);
			runOnlyForDeploymentPostprocessing = 0;
		};
/* End PBXFrameworksBuildPhase section */

/* Begin PBXGroup section */
		55FFA086237F9B8700681EC9 = {
			isa = PBXGroup;
			children = (
				55FFA091237F9B8700681EC9 /* SwiftUIExampleOne */,
				55FFA090237F9B8700681EC9 /* Products */,
			);
			indentWidth = 2;
			sourceTree = "<group>";
			tabWidth = 2;
			usesTabs = 0;
		};
		55FFA090237F9B8700681EC9 /* Products */ = {
			isa = PBXGroup;
			children = (
				55FFA08F237F9B8700681EC9 /* SwiftUIExampleOne.app */,
			);
			name = Products;
			sourceTree = "<group>";
		};
		55FFA091237F9B8700681EC9 /* SwiftUIExampleOne */ = {
			isa = PBXGroup;
			children = (
				55FFA092237F9B8700681EC9 /* AppDelegate.swift */,
				55FFA094237F9B8700681EC9 /* SceneDelegate.swift */,
				55FFA096237F9B8700681EC9 /* ContentView.swift */,
				55FFA0A6238061D400681EC9 /* TimeCounter.swift */,
				55FFA0AA238068CC00681EC9 /* RGBColor.swift */,
				55FFA098237F9B8900681EC9 /* Assets.xcassets */,
				55FFA09D237F9B8900681EC9 /* LaunchScreen.storyboard */,
				55FFA0A0237F9B8900681EC9 /* Info.plist */,
				55FFA09A237F9B8900681EC9 /* Preview Content */,
			);
			path = SwiftUIExampleOne;
			sourceTree = "<group>";
		};
		55FFA09A237F9B8900681EC9 /* Preview Content */ = {
			isa = PBXGroup;
			children = (
				55FFA09B237F9B8900681EC9 /* Preview Assets.xcassets */,
			);
			path = "Preview Content";
			sourceTree = "<group>";
		};
/* End PBXGroup section */

/* Begin PBXNativeTarget section */
		55FFA08E237F9B8700681EC9 /* SwiftUIExampleOne */ = {
			isa = PBXNativeTarget;
			buildConfigurationList = 55FFA0A3237F9B8900681EC9 /* Build configuration list for PBXNativeTarget "SwiftUIExampleOne" */;
			buildPhases = (
				55FFA08B237F9B8700681EC9 /* Sources */,
				55FFA08C237F9B8700681EC9 /* Frameworks */,
				55FFA08D237F9B8700681EC9 /* Resources */,
			);
			buildRules = (
			);
			dependencies = (
			);
			name = SwiftUIExampleOne;
			productName = SwiftUIExampleOne;
			productReference = 55FFA08F237F9B8700681EC9 /* SwiftUIExampleOne.app */;
			productType = "com.apple.product-type.application";
		};
/* End PBXNativeTarget section */

/* Begin PBXProject section */
		55FFA087237F9B8700681EC9 /* Project object */ = {
			isa = PBXProject;
			attributes = {
				LastSwiftUpdateCheck = 1120;
				LastUpgradeCheck = 1120;
				ORGANIZATIONNAME = "High Tree Development";
				TargetAttributes = {
					55FFA08E237F9B8700681EC9 = {
						CreatedOnToolsVersion = 11.2.1;
					};
				};
			};
			buildConfigurationList = 55FFA08A237F9B8700681EC9 /* Build configuration list for PBXProject "SwiftUIExampleOne" */;
			compatibilityVersion = "Xcode 9.3";
			developmentRegion = en;
			hasScannedForEncodings = 0;
			knownRegions = (
				en,
				Base,
			);
			mainGroup = 55FFA086237F9B8700681EC9;
			productRefGroup = 55FFA090237F9B8700681EC9 /* Products */;
			projectDirPath = "";
			projectRoot = "";
			targets = (
				55FFA08E237F9B8700681EC9 /* SwiftUIExampleOne */,
			);
		};
/* End PBXProject section */

/* Begin PBXResourcesBuildPhase section */
		55FFA08D237F9B8700681EC9 /* Resources */ = {
			isa = PBXResourcesBuildPhase;
			buildActionMask = 2147483647;
			files = (
				55FFA09F237F9B8900681EC9 /* LaunchScreen.storyboard in Resources */,
				55FFA09C237F9B8900681EC9 /* Preview Assets.xcassets in Resources */,
				55FFA099237F9B8900681EC9 /* Assets.xcassets in Resources */,
			);
			runOnlyForDeploymentPostprocessing = 0;
		};
/* End PBXResourcesBuildPhase section */

/* Begin PBXSourcesBuildPhase section */
		55FFA08B237F9B8700681EC9 /* Sources */ = {
			isa = PBXSourcesBuildPhase;
			buildActionMask = 2147483647;
			files = (
				55FFA093237F9B8700681EC9 /* AppDelegate.swift in Sources */,
				55FFA0AB238068CC00681EC9 /* RGBColor.swift in Sources */,
				55FFA095237F9B8700681EC9 /* SceneDelegate.swift in Sources */,
				55FFA097237F9B8700681EC9 /* ContentView.swift in Sources */,
				55FFA0A7238061D400681EC9 /* TimeCounter.swift in Sources */,
			);
			runOnlyForDeploymentPostprocessing = 0;
		};
/* End PBXSourcesBuildPhase section */

/* Begin PBXVariantGroup section */
		55FFA09D237F9B8900681EC9 /* LaunchScreen.storyboard */ = {
			isa = PBXVariantGroup;
			children = (
				55FFA09E237F9B8900681EC9 /* Base */,
			);
			name = LaunchScreen.storyboard;
			sourceTree = "<group>";
		};
/* End PBXVariantGroup section */

/* Begin XCBuildConfiguration section */
		55FFA0A1237F9B8900681EC9 /* Debug */ = {
			isa = XCBuildConfiguration;
			buildSettings = {
				ALWAYS_SEARCH_USER_PATHS = NO;
				CLANG_ANALYZER_NONNULL = YES;
				CLANG_ANALYZER_NUMBER_OBJECT_CONVERSION = YES_AGGRESSIVE;
				CLANG_CXX_LANGUAGE_STANDARD = "gnu++14";
				CLANG_CXX_LIBRARY = "libc++";
				CLANG_ENABLE_MODULES = YES;
				CLANG_ENABLE_OBJC_ARC = YES;
				CLANG_ENABLE_OBJC_WEAK = YES;
				CLANG_WARN_BLOCK_CAPTURE_AUTORELEASING = YES;
				CLANG_WARN_BOOL_CONVERSION = YES;
				CLANG_WARN_COMMA = YES;
				CLANG_WARN_CONSTANT_CONVERSION = YES;
				CLANG_WARN_DEPRECATED_OBJC_IMPLEMENTATIONS = YES;
				CLANG_WARN_DIRECT_OBJC_ISA_USAGE = YES_ERROR;
				CLANG_WARN_DOCUMENTATION_COMMENTS = YES;
				CLANG_WARN_EMPTY_BODY = YES;
				CLANG_WARN_ENUM_CONVERSION = YES;
				CLANG_WARN_INFINITE_RECURSION = YES;
				CLANG_WARN_INT_CONVERSION = YES;
				CLANG_WARN_NON_LITERAL_NULL_CONVERSION = YES;
				CLANG_WARN_OBJC_IMPLICIT_RETAIN_SELF = YES;
				CLANG_WARN_OBJC_LITERAL_CONVERSION = YES;
				CLANG_WARN_OBJC_ROOT_CLASS = YES_ERROR;
				CLANG_WARN_RANGE_LOOP_ANALYSIS = YES;
				CLANG_WARN_STRICT_PROTOTYPES = YES;
				CLANG_WARN_SUSPICIOUS_MOVE = YES;
				CLANG_WARN_UNGUARDED_AVAILABILITY = YES_AGGRESSIVE;
				CLANG_WARN_UNREACHABLE_CODE = YES;
				CLANG_WARN__DUPLICATE_METHOD_MATCH = YES;
				COPY_PHASE_STRIP = NO;
				DEBUG_INFORMATION_FORMAT = dwarf;
				ENABLE_STRICT_OBJC_MSGSEND = YES;
				ENABLE_TESTABILITY = YES;
				GCC_C_LANGUAGE_STANDARD = gnu11;
				GCC_DYNAMIC_NO_PIC = NO;
				GCC_NO_COMMON_BLOCKS = YES;
				GCC_OPTIMIZATION_LEVEL = 0;
				GCC_PREPROCESSOR_DEFINITIONS = (
					"DEBUG=1",
					"$(inherited)",
				);
				GCC_WARN_64_TO_32_BIT_CONVERSION = YES;
				GCC_WARN_ABOUT_RETURN_TYPE = YES_ERROR;
				GCC_WARN_UNDECLARED_SELECTOR = YES;
				GCC_WARN_UNINITIALIZED_AUTOS = YES_AGGRESSIVE;
				GCC_WARN_UNUSED_FUNCTION = YES;
				GCC_WARN_UNUSED_VARIABLE = YES;
				IPHONEOS_DEPLOYMENT_TARGET = 13.2;
				MTL_ENABLE_DEBUG_INFO = INCLUDE_SOURCE;
				MTL_FAST_MATH = YES;
				ONLY_ACTIVE_ARCH = YES;
				SDKROOT = iphoneos;
				SWIFT_ACTIVE_COMPILATION_CONDITIONS = DEBUG;
				SWIFT_OPTIMIZATION_LEVEL = "-Onone";
			};
			name = Debug;
		};
		55FFA0A2237F9B8900681EC9 /* Release */ = {
			isa = XCBuildConfiguration;
			buildSettings = {
				ALWAYS_SEARCH_USER_PATHS = NO;
				CLANG_ANALYZER_NONNULL = YES;
				CLANG_ANALYZER_NUMBER_OBJECT_CONVERSION = YES_AGGRESSIVE;
				CLANG_CXX_LANGUAGE_STANDARD = "gnu++14";
				CLANG_CXX_LIBRARY = "libc++";
				CLANG_ENABLE_MODULES = YES;
				CLANG_ENABLE_OBJC_ARC = YES;
				CLANG_ENABLE_OBJC_WEAK = YES;
				CLANG_WARN_BLOCK_CAPTURE_AUTORELEASING = YES;
				CLANG_WARN_BOOL_CONVERSION = YES;
				CLANG_WARN_COMMA = YES;
				CLANG_WARN_CONSTANT_CONVERSION = YES;
				CLANG_WARN_DEPRECATED_OBJC_IMPLEMENTATIONS = YES;
				CLANG_WARN_DIRECT_OBJC_ISA_USAGE = YES_ERROR;
				CLANG_WARN_DOCUMENTATION_COMMENTS = YES;
				CLANG_WARN_EMPTY_BODY = YES;
				CLANG_WARN_ENUM_CONVERSION = YES;
				CLANG_WARN_INFINITE_RECURSION = YES;
				CLANG_WARN_INT_CONVERSION = YES;
				CLANG_WARN_NON_LITERAL_NULL_CONVERSION = YES;
				CLANG_WARN_OBJC_IMPLICIT_RETAIN_SELF = YES;
				CLANG_WARN_OBJC_LITERAL_CONVERSION = YES;
				CLANG_WARN_OBJC_ROOT_CLASS = YES_ERROR;
				CLANG_WARN_RANGE_LOOP_ANALYSIS = YES;
				CLANG_WARN_STRICT_PROTOTYPES = YES;
				CLANG_WARN_SUSPICIOUS_MOVE = YES;
				CLANG_WARN_UNGUARDED_AVAILABILITY = YES_AGGRESSIVE;
				CLANG_WARN_UNREACHABLE_CODE = YES;
				CLANG_WARN__DUPLICATE_METHOD_MATCH = YES;
				COPY_PHASE_STRIP = NO;
				DEBUG_INFORMATION_FORMAT = "dwarf-with-dsym";
				ENABLE_NS_ASSERTIONS = NO;
				ENABLE_STRICT_OBJC_MSGSEND = YES;
				GCC_C_LANGUAGE_STANDARD = gnu11;
				GCC_NO_COMMON_BLOCKS = YES;
				GCC_WARN_64_TO_32_BIT_CONVERSION = YES;
				GCC_WARN_ABOUT_RETURN_TYPE = YES_ERROR;
				GCC_WARN_UNDECLARED_SELECTOR = YES;
				GCC_WARN_UNINITIALIZED_AUTOS = YES_AGGRESSIVE;
				GCC_WARN_UNUSED_FUNCTION = YES;
				GCC_WARN_UNUSED_VARIABLE = YES;
				IPHONEOS_DEPLOYMENT_TARGET = 13.2;
				MTL_ENABLE_DEBUG_INFO = NO;
				MTL_FAST_MATH = YES;
				SDKROOT = iphoneos;
				SWIFT_COMPILATION_MODE = wholemodule;
				SWIFT_OPTIMIZATION_LEVEL = "-O";
				VALIDATE_PRODUCT = YES;
			};
			name = Release;
		};
		55FFA0A4237F9B8900681EC9 /* Debug */ = {
			isa = XCBuildConfiguration;
			buildSettings = {
				ASSETCATALOG_COMPILER_APPICON_NAME = AppIcon;
				CODE_SIGN_STYLE = Automatic;
				DEVELOPMENT_ASSET_PATHS = "\"SwiftUIExampleOne/Preview Content\"";
				DEVELOPMENT_TEAM = D3D7B5BPEZ;
				ENABLE_PREVIEWS = YES;
				INFOPLIST_FILE = SwiftUIExampleOne/Info.plist;
				LD_RUNPATH_SEARCH_PATHS = (
					"$(inherited)",
					"@executable_path/Frameworks",
				);
				PRODUCT_BUNDLE_IDENTIFIER = com.HighTreeDevelopment.SwiftUIExampleOne;
				PRODUCT_NAME = "$(TARGET_NAME)";
				SWIFT_VERSION = 5.0;
				TARGETED_DEVICE_FAMILY = "1,2";
			};
			name = Debug;
		};
		55FFA0A5237F9B8900681EC9 /* Release */ = {
			isa = XCBuildConfiguration;
			buildSettings = {
				ASSETCATALOG_COMPILER_APPICON_NAME = AppIcon;
				CODE_SIGN_STYLE = Automatic;
				DEVELOPMENT_ASSET_PATHS = "\"SwiftUIExampleOne/Preview Content\"";
				DEVELOPMENT_TEAM = D3D7B5BPEZ;
				ENABLE_PREVIEWS = YES;
				INFOPLIST_FILE = SwiftUIExampleOne/Info.plist;
				LD_RUNPATH_SEARCH_PATHS = (
					"$(inherited)",
					"@executable_path/Frameworks",
				);
				PRODUCT_BUNDLE_IDENTIFIER = com.HighTreeDevelopment.SwiftUIExampleOne;
				PRODUCT_NAME = "$(TARGET_NAME)";
				SWIFT_VERSION = 5.0;
				TARGETED_DEVICE_FAMILY = "1,2";
			};
			name = Release;
		};
/* End XCBuildConfiguration section */

/* Begin XCConfigurationList section */
		55FFA08A237F9B8700681EC9 /* Build configuration list for PBXProject "SwiftUIExampleOne" */ = {
			isa = XCConfigurationList;
			buildConfigurations = (
				55FFA0A1237F9B8900681EC9 /* Debug */,
				55FFA0A2237F9B8900681EC9 /* Release */,
			);
			defaultConfigurationIsVisible = 0;
			defaultConfigurationName = Release;
		};
		55FFA0A3237F9B8900681EC9 /* Build configuration list for PBXNativeTarget "SwiftUIExampleOne" */ = {
			isa = XCConfigurationList;
			buildConfigurations = (
				55FFA0A4237F9B8900681EC9 /* Debug */,
				55FFA0A5237F9B8900681EC9 /* Release */,
			);
			defaultConfigurationIsVisible = 0;
			defaultConfigurationName = Release;
		};
/* End XCConfigurationList section */
	};
	rootObject = 55FFA087237F9B8700681EC9 /* Project object */;
}
